
Microsoft Visual Studio Solution File, Format Version 12.00
# Visual Studio Version 17
VisualStudioVersion = 17.1.32328.378
MinimumVisualStudioVersion = 10.0.40219.1
Project("{FAE04EC0-301F-11D3-BF4B-00C04F79EFBC}") = "pcso-jcr-api", "pcso-jcr-api.csproj", "{A29523E1-8AEE-401B-B90F-1F3D5591030E}"
EndProject
Global
	GlobalSection(SolutionConfigurationPlatforms) = preSolution
		Debug|Any CPU = Debug|Any CPU
		Release|Any CPU = Release|Any CPU
	EndGlobalSection
	GlobalSection(ProjectConfigurationPlatforms) = postSolution
		{A29523E1-8AEE-401B-B90F-1F3D5591030E}.Debug|Any CPU.ActiveCfg = Debug|Any CPU
		{A29523E1-8AEE-401B-B90F-1F3D5591030E}.Debug|Any CPU.Build.0 = Debug|Any CPU
		{A29523E1-8AEE-401B-B90F-1F3D5591030E}.Release|Any CPU.ActiveCfg = Release|Any CPU
		{A29523E1-8AEE-401B-B90F-1F3D5591030E}.Release|Any CPU.Build.0 = Release|Any CPU
	EndGlobalSection
	GlobalSection(SolutionProperties) = preSolution
		HideSolutionNode = FALSE
	EndGlobalSection
	GlobalSection(ExtensibilityGlobals) = postSolution
		SolutionGuid = {9B3B6522-DB95-4ABF-BC6E-9A12AA3BF6C1}
	EndGlobalSection
EndGlobal
